
Microsoft Visual Studio Solution File, Format Version 12.00
# Visual Studio Version 17
VisualStudioVersion = 17.4.33205.214
MinimumVisualStudioVersion = 10.0.40219.1
Project("{FAE04EC0-301F-11D3-BF4B-00C04F79EFBC}") = "LibraryBookRegistration", "LibraryBookRegistration\LibraryBookRegistration.csproj", "{67127861-7C95-4D66-AB6E-9321B1FF0879}"
EndProject
Global
	GlobalSection(SolutionConfigurationPlatforms) = preSolution
		Debug|Any CPU = Debug|Any CPU
		Release|Any CPU = Release|Any CPU
	EndGlobalSection
	GlobalSection(ProjectConfigurationPlatforms) = postSolution
		{67127861-7C95-4D66-AB6E-9321B1FF0879}.Debug|Any CPU.ActiveCfg = Debug|Any CPU
		{67127861-7C95-4D66-AB6E-9321B1FF0879}.Debug|Any CPU.Build.0 = Debug|Any CPU
		{67127861-7C95-4D66-AB6E-9321B1FF0879}.Release|Any CPU.ActiveCfg = Release|Any CPU
		{67127861-7C95-4D66-AB6E-9321B1FF0879}.Release|Any CPU.Build.0 = Release|Any CPU
	EndGlobalSection
	GlobalSection(SolutionProperties) = preSolution
		HideSolutionNode = FALSE
	EndGlobalSection
	GlobalSection(ExtensibilityGlobals) = postSolution
		SolutionGuid = {7413BB4B-3CF0-40DF-B7B6-A34143E9E219}
	EndGlobalSection
EndGlobal
